
Microsoft Visual Studio Solution File, Format Version 12.00
# Visual Studio Version 17
VisualStudioVersion = 17.11.35303.130
MinimumVisualStudioVersion = 10.0.40219.1
Project("{9A19103F-16F7-4668-BE54-9A1E7A4F7556}") = "Task15SHOW", "Task15SHOW\Task15SHOW.csproj", "{3FBFB5DE-2CA1-4680-81E2-29D28C8AE64D}"
EndProject
Project("{FAE04EC0-301F-11D3-BF4B-00C04F79EFBC}") = "ShowUnitTests", "ShowUnitTests\ShowUnitTests.csproj", "{7A107C22-2E47-4946-B7D1-DDBB317D3512}"
EndProject
Project("{FAE04EC0-301F-11D3-BF4B-00C04F79EFBC}") = "EducationalShowTest", "EducationalShowTest\EducationalShowTest.csproj", "{B652C16D-B4D6-487B-B490-A99AFB2F377B}"
EndProject
Project("{FAE04EC0-301F-11D3-BF4B-00C04F79EFBC}") = "FilmTests", "FilmTests\FilmTests.csproj", "{55F5B24D-2968-4C16-9C7E-C02FD0A97EF2}"
EndProject
Project("{FAE04EC0-301F-11D3-BF4B-00C04F79EFBC}") = "TVSeriesTests", "TVSeriesTests\TVSeriesTests.csproj", "{10921DBE-2D10-44CC-9EBD-49ED08743699}"
EndProject
Global
	GlobalSection(SolutionConfigurationPlatforms) = preSolution
		Debug|Any CPU = Debug|Any CPU
		Release|Any CPU = Release|Any CPU
	EndGlobalSection
	GlobalSection(ProjectConfigurationPlatforms) = postSolution
		{3FBFB5DE-2CA1-4680-81E2-29D28C8AE64D}.Debug|Any CPU.ActiveCfg = Debug|Any CPU
		{3FBFB5DE-2CA1-4680-81E2-29D28C8AE64D}.Debug|Any CPU.Build.0 = Debug|Any CPU
		{3FBFB5DE-2CA1-4680-81E2-29D28C8AE64D}.Release|Any CPU.ActiveCfg = Release|Any CPU
		{3FBFB5DE-2CA1-4680-81E2-29D28C8AE64D}.Release|Any CPU.Build.0 = Release|Any CPU
		{7A107C22-2E47-4946-B7D1-DDBB317D3512}.Debug|Any CPU.ActiveCfg = Debug|Any CPU
		{7A107C22-2E47-4946-B7D1-DDBB317D3512}.Debug|Any CPU.Build.0 = Debug|Any CPU
		{7A107C22-2E47-4946-B7D1-DDBB317D3512}.Release|Any CPU.ActiveCfg = Release|Any CPU
		{7A107C22-2E47-4946-B7D1-DDBB317D3512}.Release|Any CPU.Build.0 = Release|Any CPU
		{B652C16D-B4D6-487B-B490-A99AFB2F377B}.Debug|Any CPU.ActiveCfg = Debug|Any CPU
		{B652C16D-B4D6-487B-B490-A99AFB2F377B}.Debug|Any CPU.Build.0 = Debug|Any CPU
		{B652C16D-B4D6-487B-B490-A99AFB2F377B}.Release|Any CPU.ActiveCfg = Release|Any CPU
		{B652C16D-B4D6-487B-B490-A99AFB2F377B}.Release|Any CPU.Build.0 = Release|Any CPU
		{55F5B24D-2968-4C16-9C7E-C02FD0A97EF2}.Debug|Any CPU.ActiveCfg = Debug|Any CPU
		{55F5B24D-2968-4C16-9C7E-C02FD0A97EF2}.Debug|Any CPU.Build.0 = Debug|Any CPU
		{55F5B24D-2968-4C16-9C7E-C02FD0A97EF2}.Release|Any CPU.ActiveCfg = Release|Any CPU
		{55F5B24D-2968-4C16-9C7E-C02FD0A97EF2}.Release|Any CPU.Build.0 = Release|Any CPU
		{10921DBE-2D10-44CC-9EBD-49ED08743699}.Debug|Any CPU.ActiveCfg = Debug|Any CPU
		{10921DBE-2D10-44CC-9EBD-49ED08743699}.Debug|Any CPU.Build.0 = Debug|Any CPU
		{10921DBE-2D10-44CC-9EBD-49ED08743699}.Release|Any CPU.ActiveCfg = Release|Any CPU
		{10921DBE-2D10-44CC-9EBD-49ED08743699}.Release|Any CPU.Build.0 = Release|Any CPU
	EndGlobalSection
	GlobalSection(SolutionProperties) = preSolution
		HideSolutionNode = FALSE
	EndGlobalSection
	GlobalSection(ExtensibilityGlobals) = postSolution
		SolutionGuid = {36F23D85-555B-4378-A23A-457EEF63E7E0}
	EndGlobalSection
EndGlobal
