
Microsoft Visual Studio Solution File, Format Version 12.00
# Visual Studio Version 17
VisualStudioVersion = 17.11.35303.130
MinimumVisualStudioVersion = 10.0.40219.1
Project("{FAE04EC0-301F-11D3-BF4B-00C04F79EFBC}") = "Task10.3", "Task10.3\Task10.3.csproj", "{9657FA15-2BBD-48AC-92A7-FF6884F32093}"
EndProject
Global
	GlobalSection(SolutionConfigurationPlatforms) = preSolution
		Debug|Any CPU = Debug|Any CPU
		Release|Any CPU = Release|Any CPU
	EndGlobalSection
	GlobalSection(ProjectConfigurationPlatforms) = postSolution
		{9657FA15-2BBD-48AC-92A7-FF6884F32093}.Debug|Any CPU.ActiveCfg = Debug|Any CPU
		{9657FA15-2BBD-48AC-92A7-FF6884F32093}.Debug|Any CPU.Build.0 = Debug|Any CPU
		{9657FA15-2BBD-48AC-92A7-FF6884F32093}.Release|Any CPU.ActiveCfg = Release|Any CPU
		{9657FA15-2BBD-48AC-92A7-FF6884F32093}.Release|Any CPU.Build.0 = Release|Any CPU
	EndGlobalSection
	GlobalSection(SolutionProperties) = preSolution
		HideSolutionNode = FALSE
	EndGlobalSection
	GlobalSection(ExtensibilityGlobals) = postSolution
		SolutionGuid = {E3C0393C-4386-4DDC-8E44-E22F87A25F81}
	EndGlobalSection
EndGlobal
