
Microsoft Visual Studio Solution File, Format Version 12.00
# Visual Studio Version 17
VisualStudioVersion = 17.11.35303.130
MinimumVisualStudioVersion = 10.0.40219.1
Project("{FAE04EC0-301F-11D3-BF4B-00C04F79EFBC}") = "Task4", "Task4\Task4.csproj", "{DD5FFE69-A069-4354-9CB5-547CBB63948C}"
EndProject
Global
	GlobalSection(SolutionConfigurationPlatforms) = preSolution
		Debug|Any CPU = Debug|Any CPU
		Release|Any CPU = Release|Any CPU
	EndGlobalSection
	GlobalSection(ProjectConfigurationPlatforms) = postSolution
		{DD5FFE69-A069-4354-9CB5-547CBB63948C}.Debug|Any CPU.ActiveCfg = Debug|Any CPU
		{DD5FFE69-A069-4354-9CB5-547CBB63948C}.Debug|Any CPU.Build.0 = Debug|Any CPU
		{DD5FFE69-A069-4354-9CB5-547CBB63948C}.Release|Any CPU.ActiveCfg = Release|Any CPU
		{DD5FFE69-A069-4354-9CB5-547CBB63948C}.Release|Any CPU.Build.0 = Release|Any CPU
	EndGlobalSection
	GlobalSection(SolutionProperties) = preSolution
		HideSolutionNode = FALSE
	EndGlobalSection
	GlobalSection(ExtensibilityGlobals) = postSolution
		SolutionGuid = {5859AE9C-B174-45D4-B3E2-C5B2DEF47D9D}
	EndGlobalSection
EndGlobal
