
Microsoft Visual Studio Solution File, Format Version 12.00
# Visual Studio Version 17
VisualStudioVersion = 17.11.35303.130
MinimumVisualStudioVersion = 10.0.40219.1
Project("{FAE04EC0-301F-11D3-BF4B-00C04F79EFBC}") = "Task13", "Task13\Task13.csproj", "{2160765F-0060-4712-A61E-DC9761C5487D}"
EndProject
Project("{FAE04EC0-301F-11D3-BF4B-00C04F79EFBC}") = "Task13.UnitTests", "Task13.UnitTests\Task13.UnitTests.csproj", "{A7FE0DBE-B71A-4CEE-B027-E85DE5848D53}"
EndProject
Global
	GlobalSection(SolutionConfigurationPlatforms) = preSolution
		Debug|Any CPU = Debug|Any CPU
		Release|Any CPU = Release|Any CPU
	EndGlobalSection
	GlobalSection(ProjectConfigurationPlatforms) = postSolution
		{2160765F-0060-4712-A61E-DC9761C5487D}.Debug|Any CPU.ActiveCfg = Debug|Any CPU
		{2160765F-0060-4712-A61E-DC9761C5487D}.Debug|Any CPU.Build.0 = Debug|Any CPU
		{2160765F-0060-4712-A61E-DC9761C5487D}.Release|Any CPU.ActiveCfg = Release|Any CPU
		{2160765F-0060-4712-A61E-DC9761C5487D}.Release|Any CPU.Build.0 = Release|Any CPU
		{A7FE0DBE-B71A-4CEE-B027-E85DE5848D53}.Debug|Any CPU.ActiveCfg = Debug|Any CPU
		{A7FE0DBE-B71A-4CEE-B027-E85DE5848D53}.Debug|Any CPU.Build.0 = Debug|Any CPU
		{A7FE0DBE-B71A-4CEE-B027-E85DE5848D53}.Release|Any CPU.ActiveCfg = Release|Any CPU
		{A7FE0DBE-B71A-4CEE-B027-E85DE5848D53}.Release|Any CPU.Build.0 = Release|Any CPU
	EndGlobalSection
	GlobalSection(SolutionProperties) = preSolution
		HideSolutionNode = FALSE
	EndGlobalSection
	GlobalSection(ExtensibilityGlobals) = postSolution
		SolutionGuid = {06C56986-06BD-4996-824B-2D2EF059BF89}
	EndGlobalSection
EndGlobal
