
Microsoft Visual Studio Solution File, Format Version 12.00
# Visual Studio Version 17
VisualStudioVersion = 17.11.35303.130
MinimumVisualStudioVersion = 10.0.40219.1
Project("{FAE04EC0-301F-11D3-BF4B-00C04F79EFBC}") = "ConsoleApp1", "ConsoleApp1\ConsoleApp1.csproj", "{2CEFE7A6-943F-4202-BC1D-D03D052D518A}"
EndProject
Global
	GlobalSection(SolutionConfigurationPlatforms) = preSolution
		Debug|Any CPU = Debug|Any CPU
		Release|Any CPU = Release|Any CPU
	EndGlobalSection
	GlobalSection(ProjectConfigurationPlatforms) = postSolution
		{2CEFE7A6-943F-4202-BC1D-D03D052D518A}.Debug|Any CPU.ActiveCfg = Debug|Any CPU
		{2CEFE7A6-943F-4202-BC1D-D03D052D518A}.Debug|Any CPU.Build.0 = Debug|Any CPU
		{2CEFE7A6-943F-4202-BC1D-D03D052D518A}.Release|Any CPU.ActiveCfg = Release|Any CPU
		{2CEFE7A6-943F-4202-BC1D-D03D052D518A}.Release|Any CPU.Build.0 = Release|Any CPU
	EndGlobalSection
	GlobalSection(SolutionProperties) = preSolution
		HideSolutionNode = FALSE
	EndGlobalSection
	GlobalSection(ExtensibilityGlobals) = postSolution
		SolutionGuid = {97BA4C00-36EF-40D1-B67E-663CC316BD0B}
	EndGlobalSection
EndGlobal
